Microsoft Visual Studio Solution File, Format Version 12.00
# Visual Studio Version 17
VisualStudioVersion = 17.5.2.0
MinimumVisualStudioVersion = 10.0.40219.1
Project("{FAE04EC0-301F-11D3-BF4B-00C04F79EFBC}") = "LabQueues", "LabQueues\LabQueues.csproj", "{87FB5FDC-F656-9FF5-1CED-A6102F3DBCB7}"
EndProject
Global
	GlobalSection(SolutionConfigurationPlatforms) = preSolution
		Debug|Any CPU = Debug|Any CPU
		Release|Any CPU = Release|Any CPU
	EndGlobalSection
	GlobalSection(ProjectConfigurationPlatforms) = postSolution
		{87FB5FDC-F656-9FF5-1CED-A6102F3DBCB7}.Debug|Any CPU.ActiveCfg = Debug|Any CPU
		{87FB5FDC-F656-9FF5-1CED-A6102F3DBCB7}.Debug|Any CPU.Build.0 = Debug|Any CPU
		{87FB5FDC-F656-9FF5-1CED-A6102F3DBCB7}.Release|Any CPU.ActiveCfg = Release|Any CPU
		{87FB5FDC-F656-9FF5-1CED-A6102F3DBCB7}.Release|Any CPU.Build.0 = Release|Any CPU
	EndGlobalSection
	GlobalSection(SolutionProperties) = preSolution
		HideSolutionNode = FALSE
	EndGlobalSection
	GlobalSection(ExtensibilityGlobals) = postSolution
		SolutionGuid = {E1888E89-21DB-40D1-8395-AFCAECB86A14}
	EndGlobalSection
EndGlobal
